
Microsoft Visual Studio Solution File, Format Version 12.00
# Visual Studio 15
VisualStudioVersion = 15.0.27004.2006
MinimumVisualStudioVersion = 10.0.40219.1
Project("{FAE04EC0-301F-11D3-BF4B-00C04F79EFBC}") = "ImageScroller", "ImageScroller\ImageScroller.csproj", "{F9B508C4-30E3-448D-8007-58721C44BE6E}"
EndProject
Global
	GlobalSection(SolutionConfigurationPlatforms) = preSolution
		Debug|Any CPU = Debug|Any CPU
		Release|Any CPU = Release|Any CPU
	EndGlobalSection
	GlobalSection(ProjectConfigurationPlatforms) = postSolution
		{F9B508C4-30E3-448D-8007-58721C44BE6E}.Debug|Any CPU.ActiveCfg = Debug|Any CPU
		{F9B508C4-30E3-448D-8007-58721C44BE6E}.Debug|Any CPU.Build.0 = Debug|Any CPU
		{F9B508C4-30E3-448D-8007-58721C44BE6E}.Release|Any CPU.ActiveCfg = Release|Any CPU
		{F9B508C4-30E3-448D-8007-58721C44BE6E}.Release|Any CPU.Build.0 = Release|Any CPU
	EndGlobalSection
	GlobalSection(SolutionProperties) = preSolution
		HideSolutionNode = FALSE
	EndGlobalSection
	GlobalSection(ExtensibilityGlobals) = postSolution
		SolutionGuid = {E4021D8E-DDB1-4C86-B189-DB1767B46988}
	EndGlobalSection
	GlobalSection(TeamFoundationVersionControl) = preSolution
		SccNumberOfProjects = 2
		SccEnterpriseProvider = {4CA58AB2-18FA-4F8D-95D4-32DDF27D184C}
		SccTeamFoundationServer = https://konsultera-development.visualstudio.com/
		SccLocalPath0 = .
		SccProjectUniqueName1 = ImageScroller\\ImageScroller.csproj
		SccProjectName1 = ImageScroller
		SccLocalPath1 = ImageScroller
	EndGlobalSection
EndGlobal
