
Microsoft Visual Studio Solution File, Format Version 12.00
# Visual Studio 15
VisualStudioVersion = 15.0.27428.2037
MinimumVisualStudioVersion = 10.0.40219.1
Project("{FAE04EC0-301F-11D3-BF4B-00C04F79EFBC}") = "ImageScroller", "ImageScroller\ImageScroller.csproj", "{96B9AB62-8BF5-430C-8726-B77612E27541}"
EndProject
Project("{54435603-DBB4-11D2-8724-00A0C9A8B90C}") = "Acti Audit - MySetUp", "MySetUp - ActiAudit\MySetUp - ActiAudit.vdproj", "{2AE4C5F5-14EC-4C04-8C07-4A763E24ACD7}"
EndProject
Project("{54435603-DBB4-11D2-8724-00A0C9A8B90C}") = "ActiAudit_V_03", "ActiAudit_V_03\ActiAudit_V_03.vdproj", "{EC1F323A-8F64-4D09-955D-4523B2F98C1F}"
EndProject
Global
	GlobalSection(SolutionConfigurationPlatforms) = preSolution
		Debug|Any CPU = Debug|Any CPU
		Release|Any CPU = Release|Any CPU
	EndGlobalSection
	GlobalSection(ProjectConfigurationPlatforms) = postSolution
		{96B9AB62-8BF5-430C-8726-B77612E27541}.Debug|Any CPU.ActiveCfg = Debug|Any CPU
		{96B9AB62-8BF5-430C-8726-B77612E27541}.Debug|Any CPU.Build.0 = Debug|Any CPU
		{96B9AB62-8BF5-430C-8726-B77612E27541}.Release|Any CPU.ActiveCfg = Release|Any CPU
		{96B9AB62-8BF5-430C-8726-B77612E27541}.Release|Any CPU.Build.0 = Release|Any CPU
		{2AE4C5F5-14EC-4C04-8C07-4A763E24ACD7}.Debug|Any CPU.ActiveCfg = Debug
		{2AE4C5F5-14EC-4C04-8C07-4A763E24ACD7}.Release|Any CPU.ActiveCfg = Release
		{EC1F323A-8F64-4D09-955D-4523B2F98C1F}.Debug|Any CPU.ActiveCfg = Debug
		{EC1F323A-8F64-4D09-955D-4523B2F98C1F}.Release|Any CPU.ActiveCfg = Release
	EndGlobalSection
	GlobalSection(SolutionProperties) = preSolution
		HideSolutionNode = FALSE
	EndGlobalSection
	GlobalSection(ExtensibilityGlobals) = postSolution
		SolutionGuid = {EE66833A-CDF3-4C77-BAE7-3DBF42AA315E}
	EndGlobalSection
EndGlobal
